
Microsoft Visual Studio Solution File, Format Version 12.00
# Visual Studio Version 17
VisualStudioVersion = 17.8.34330.188
MinimumVisualStudioVersion = 10.0.40219.1
Project("{FAE04EC0-301F-11D3-BF4B-00C04F79EFBC}") = "aula01ate05", "aula5\aula01ate05.csproj", "{1FD32887-93F9-4E30-838D-9DC561D91ABD}"
EndProject
Global
	GlobalSection(SolutionConfigurationPlatforms) = preSolution
		Debug|Any CPU = Debug|Any CPU
		Release|Any CPU = Release|Any CPU
	EndGlobalSection
	GlobalSection(ProjectConfigurationPlatforms) = postSolution
		{1FD32887-93F9-4E30-838D-9DC561D91ABD}.Debug|Any CPU.ActiveCfg = Debug|Any CPU
		{1FD32887-93F9-4E30-838D-9DC561D91ABD}.Debug|Any CPU.Build.0 = Debug|Any CPU
		{1FD32887-93F9-4E30-838D-9DC561D91ABD}.Release|Any CPU.ActiveCfg = Release|Any CPU
		{1FD32887-93F9-4E30-838D-9DC561D91ABD}.Release|Any CPU.Build.0 = Release|Any CPU
	EndGlobalSection
	GlobalSection(SolutionProperties) = preSolution
		HideSolutionNode = FALSE
	EndGlobalSection
	GlobalSection(ExtensibilityGlobals) = postSolution
		SolutionGuid = {B36D5874-54EB-4F88-B299-EC8F75D0ECF3}
	EndGlobalSection
EndGlobal
