
Microsoft Visual Studio Solution File, Format Version 12.00
# Visual Studio Version 17
VisualStudioVersion = 17.8.34330.188
MinimumVisualStudioVersion = 10.0.40219.1
Project("{FAE04EC0-301F-11D3-BF4B-00C04F79EFBC}") = "ConFin", "ConFin\ConFin.csproj", "{F98C52B4-CCE1-4925-8646-789A2B59B9E8}"
EndProject
Global
	GlobalSection(SolutionConfigurationPlatforms) = preSolution
		Debug|Any CPU = Debug|Any CPU
		Release|Any CPU = Release|Any CPU
	EndGlobalSection
	GlobalSection(ProjectConfigurationPlatforms) = postSolution
		{F98C52B4-CCE1-4925-8646-789A2B59B9E8}.Debug|Any CPU.ActiveCfg = Debug|Any CPU
		{F98C52B4-CCE1-4925-8646-789A2B59B9E8}.Debug|Any CPU.Build.0 = Debug|Any CPU
		{F98C52B4-CCE1-4925-8646-789A2B59B9E8}.Release|Any CPU.ActiveCfg = Release|Any CPU
		{F98C52B4-CCE1-4925-8646-789A2B59B9E8}.Release|Any CPU.Build.0 = Release|Any CPU
	EndGlobalSection
	GlobalSection(SolutionProperties) = preSolution
		HideSolutionNode = FALSE
	EndGlobalSection
	GlobalSection(ExtensibilityGlobals) = postSolution
		SolutionGuid = {36F00557-D532-4B7C-A5A2-BA59D5232697}
	EndGlobalSection
EndGlobal
